
Microsoft Visual Studio Solution File, Format Version 12.00
# Visual Studio Version 17
VisualStudioVersion = 17.14.36811.4
MinimumVisualStudioVersion = 10.0.40219.1
Project("{FAE04EC0-301F-11D3-BF4B-00C04F79EFBC}") = "SatelliteDataProcessing", "SatelliteDataProcessing.csproj", "{7DCD56AA-D4AD-406E-96E5-2211BD0C8190}"
	ProjectSection(ProjectDependencies) = postProject
		{B1A7BC7D-26A0-4FBF-8001-F9C627485339} = {B1A7BC7D-26A0-4FBF-8001-F9C627485339}
	EndProjectSection
EndProject
Project("{FAE04EC0-301F-11D3-BF4B-00C04F79EFBC}") = "SatelliteDataLibrary", "SatelliteDataLibrary\SatelliteDataLibrary.csproj", "{B1A7BC7D-26A0-4FBF-8001-F9C627485339}"
EndProject
Global
	GlobalSection(SolutionConfigurationPlatforms) = preSolution
		Debug|Any CPU = Debug|Any CPU
		Release|Any CPU = Release|Any CPU
	EndGlobalSection
	GlobalSection(ProjectConfigurationPlatforms) = postSolution
		{7DCD56AA-D4AD-406E-96E5-2211BD0C8190}.Debug|Any CPU.ActiveCfg = Debug|Any CPU
		{7DCD56AA-D4AD-406E-96E5-2211BD0C8190}.Debug|Any CPU.Build.0 = Debug|Any CPU
		{7DCD56AA-D4AD-406E-96E5-2211BD0C8190}.Release|Any CPU.ActiveCfg = Release|Any CPU
		{7DCD56AA-D4AD-406E-96E5-2211BD0C8190}.Release|Any CPU.Build.0 = Release|Any CPU
		{B1A7BC7D-26A0-4FBF-8001-F9C627485339}.Debug|Any CPU.ActiveCfg = Debug|Any CPU
		{B1A7BC7D-26A0-4FBF-8001-F9C627485339}.Debug|Any CPU.Build.0 = Debug|Any CPU
		{B1A7BC7D-26A0-4FBF-8001-F9C627485339}.Release|Any CPU.ActiveCfg = Release|Any CPU
		{B1A7BC7D-26A0-4FBF-8001-F9C627485339}.Release|Any CPU.Build.0 = Release|Any CPU
	EndGlobalSection
	GlobalSection(SolutionProperties) = preSolution
		HideSolutionNode = FALSE
	EndGlobalSection
	GlobalSection(ExtensibilityGlobals) = postSolution
		SolutionGuid = {8A6EE87E-1C05-4FE4-8756-6445B1EB5BB9}
	EndGlobalSection
EndGlobal
